
Microsoft Visual Studio Solution File, Format Version 12.00
# Visual Studio Version 16
VisualStudioVersion = 16.0.32802.440
MinimumVisualStudioVersion = 10.0.40219.1
Project("{FAE04EC0-301F-11D3-BF4B-00C04F79EFBC}") = "EasyHosts.Terminal", "EasyHosts.Terminal\EasyHosts.Terminal.csproj", "{AA11A912-345F-4150-A0F5-66C556EA3115}"
EndProject
Global
	GlobalSection(SolutionConfigurationPlatforms) = preSolution
		Debug|Any CPU = Debug|Any CPU
		Release|Any CPU = Release|Any CPU
	EndGlobalSection
	GlobalSection(ProjectConfigurationPlatforms) = postSolution
		{AA11A912-345F-4150-A0F5-66C556EA3115}.Debug|Any CPU.ActiveCfg = Debug|Any CPU
		{AA11A912-345F-4150-A0F5-66C556EA3115}.Debug|Any CPU.Build.0 = Debug|Any CPU
		{AA11A912-345F-4150-A0F5-66C556EA3115}.Release|Any CPU.ActiveCfg = Release|Any CPU
		{AA11A912-345F-4150-A0F5-66C556EA3115}.Release|Any CPU.Build.0 = Release|Any CPU
	EndGlobalSection
	GlobalSection(SolutionProperties) = preSolution
		HideSolutionNode = FALSE
	EndGlobalSection
	GlobalSection(ExtensibilityGlobals) = postSolution
		SolutionGuid = {B522716D-293F-460C-8CD4-39DE5B7D4826}
	EndGlobalSection
EndGlobal
